# This file is automatically @generated by Cargo.
# It is not intended for manual editing.
version = 3

[[package]]
name = "a10"
version = "0.1.9"
source = "registry+https://github.com/rust-lang/crates.io-index"
checksum = "741355190148c9cf78ca88511cff2b7f2089e26530939f4ec19a8179555791a5"
dependencies = [
 "libc",
 "log",
]

[[package]]
name = "crossbeam-channel"
version = "0.5.12"
source = "registry+https://github.com/rust-lang/crates.io-index"
checksum = "ab3db02a9c5b5121e1e42fbdb1aeb65f5e02624cc58c43f2884c6ccac0b82f95"
dependencies = [
 "crossbeam-utils",
]

[[package]]
name = "crossbeam-utils"
version = "0.8.19"
source = "registry+https://github.com/rust-lang/crates.io-index"
checksum = "248e3bacc7dc6baa3b21e405ee045c3047101a49145e7e9eca583ab4c2ca5345"

[[package]]
name = "erased-serde"
version = "0.4.4"
source = "registry+https://github.com/rust-lang/crates.io-index"
checksum = "2b73807008a3c7f171cc40312f37d95ef0396e048b5848d775f54b1a4dd4a0d3"
dependencies = [
 "serde",
]

[[package]]
name = "heph"
version = "0.5.0"
source = "git+https://github.com/Thomasdezeeuw/heph?branch=main#72e3a6ed0bcac21ac38f144095a15100fdb17f51"
dependencies = [
 "heph-inbox",
 "log",
]

[[package]]
name = "heph-http"
version = "0.1.0"
source = "git+https://github.com/Thomasdezeeuw/heph?branch=main#72e3a6ed0bcac21ac38f144095a15100fdb17f51"
dependencies = [
 "heph",
 "heph-rt",
 "httparse",
 "httpdate",
 "itoa",
 "log",
]

[[package]]
name = "heph-inbox"
version = "0.2.3"
source = "git+https://github.com/Thomasdezeeuw/heph?branch=main#72e3a6ed0bcac21ac38f144095a15100fdb17f51"

[[package]]
name = "heph-rt"
version = "0.5.0"
source = "git+https://github.com/Thomasdezeeuw/heph?branch=main#72e3a6ed0bcac21ac38f144095a15100fdb17f51"
dependencies = [
 "a10",
 "crossbeam-channel",
 "heph",
 "heph-inbox",
 "libc",
 "log",
 "socket2",
]

[[package]]
name = "httparse"
version = "1.8.0"
source = "registry+https://github.com/rust-lang/crates.io-index"
checksum = "d897f394bad6a705d5f4104762e116a75639e470d80901eed05a860a95cb1904"

[[package]]
name = "httpdate"
version = "1.0.3"
source = "registry+https://github.com/rust-lang/crates.io-index"
checksum = "df3b46402a9d5adb4c86a0cf463f42e19994e3ee891101b1841f30a545cb49a9"

[[package]]
name = "itoa"
version = "1.0.11"
source = "registry+https://github.com/rust-lang/crates.io-index"
checksum = "49f1f14873335454500d59611f1cf4a4b0f786f9ac11f4312a78e4cf2566695b"

[[package]]
name = "libc"
version = "0.2.153"
source = "registry+https://github.com/rust-lang/crates.io-index"
checksum = "9c198f91728a82281a64e1f4f9eeb25d82cb32a5de251c6bd1b5154d63a8e7bd"

[[package]]
name = "log"
version = "0.4.21"
source = "registry+https://github.com/rust-lang/crates.io-index"
checksum = "90ed8c1e510134f979dbc4f070f87d4313098b704861a105fe34231c70a3901c"
dependencies = [
 "value-bag",
]

[[package]]
name = "origin-heph"
version = "0.1.0"
dependencies = [
 "heph",
 "heph-http",
 "heph-rt",
 "log",
 "std-logger",
]

[[package]]
name = "proc-macro2"
version = "1.0.79"
source = "registry+https://github.com/rust-lang/crates.io-index"
checksum = "e835ff2298f5721608eb1a980ecaee1aef2c132bf95ecc026a11b7bf3c01c02e"
dependencies = [
 "unicode-ident",
]

[[package]]
name = "quote"
version = "1.0.36"
source = "registry+https://github.com/rust-lang/crates.io-index"
checksum = "0fa76aaf39101c457836aec0ce2316dbdc3ab723cdda1c6bd4e6ad4208acaca7"
dependencies = [
 "proc-macro2",
]

[[package]]
name = "ryu"
version = "1.0.17"
source = "registry+https://github.com/rust-lang/crates.io-index"
checksum = "e86697c916019a8588c99b5fac3cead74ec0b4b819707a682fd4d23fa0ce1ba1"

[[package]]
name = "serde"
version = "1.0.197"
source = "registry+https://github.com/rust-lang/crates.io-index"
checksum = "3fb1c873e1b9b056a4dc4c0c198b24c3ffa059243875552b2bd0933b1aee4ce2"
dependencies = [
 "serde_derive",
]

[[package]]
name = "serde_derive"
version = "1.0.197"
source = "registry+https://github.com/rust-lang/crates.io-index"
checksum = "7eb0b34b42edc17f6b7cac84a52a1c5f0e1bb2227e997ca9011ea3dd34e8610b"
dependencies = [
 "proc-macro2",
 "quote",
 "syn",
]

[[package]]
name = "serde_fmt"
version = "1.0.3"
source = "registry+https://github.com/rust-lang/crates.io-index"
checksum = "e1d4ddca14104cd60529e8c7f7ba71a2c8acd8f7f5cfcdc2faf97eeb7c3010a4"
dependencies = [
 "serde",
]

[[package]]
name = "socket2"
version = "0.5.6"
source = "registry+https://github.com/rust-lang/crates.io-index"
checksum = "05ffd9c0a93b7543e062e759284fcf5f5e3b098501104bfbdde4d404db792871"
dependencies = [
 "libc",
 "windows-sys",
]

[[package]]
name = "std-logger"
version = "0.5.3"
source = "registry+https://github.com/rust-lang/crates.io-index"
checksum = "8ff08caf99394540138b8bf45a3436debcfa241ad3b3bd4dba8fc7aabe888cbe"
dependencies = [
 "itoa",
 "log",
 "ryu",
]

[[package]]
name = "sval"
version = "2.13.0"
source = "registry+https://github.com/rust-lang/crates.io-index"
checksum = "53eb957fbc79a55306d5d25d87daf3627bc3800681491cda0709eef36c748bfe"

[[package]]
name = "sval_buffer"
version = "2.13.0"
source = "registry+https://github.com/rust-lang/crates.io-index"
checksum = "96e860aef60e9cbf37888d4953a13445abf523c534640d1f6174d310917c410d"
dependencies = [
 "sval",
 "sval_ref",
]

[[package]]
name = "sval_dynamic"
version = "2.13.0"
source = "registry+https://github.com/rust-lang/crates.io-index"
checksum = "ea3f2b07929a1127d204ed7cb3905049381708245727680e9139dac317ed556f"
dependencies = [
 "sval",
]

[[package]]
name = "sval_fmt"
version = "2.13.0"
source = "registry+https://github.com/rust-lang/crates.io-index"
checksum = "c4e188677497de274a1367c4bda15bd2296de4070d91729aac8f0a09c1abf64d"
dependencies = [
 "itoa",
 "ryu",
 "sval",
]

[[package]]
name = "sval_json"
version = "2.13.0"
source = "registry+https://github.com/rust-lang/crates.io-index"
checksum = "32f456c07dae652744781f2245d5e3b78e6a9ebad70790ac11eb15dbdbce5282"
dependencies = [
 "itoa",
 "ryu",
 "sval",
]

[[package]]
name = "sval_nested"
version = "2.13.0"
source = "registry+https://github.com/rust-lang/crates.io-index"
checksum = "886feb24709f0476baaebbf9ac10671a50163caa7e439d7a7beb7f6d81d0a6fb"
dependencies = [
 "sval",
 "sval_buffer",
 "sval_ref",
]

[[package]]
name = "sval_ref"
version = "2.13.0"
source = "registry+https://github.com/rust-lang/crates.io-index"
checksum = "be2e7fc517d778f44f8cb64140afa36010999565528d48985f55e64d45f369ce"
dependencies = [
 "sval",
]

[[package]]
name = "sval_serde"
version = "2.13.0"
source = "registry+https://github.com/rust-lang/crates.io-index"
checksum = "79bf66549a997ff35cd2114a27ac4b0c2843280f2cfa84b240d169ecaa0add46"
dependencies = [
 "serde",
 "sval",
 "sval_nested",
]

[[package]]
name = "syn"
version = "2.0.58"
source = "registry+https://github.com/rust-lang/crates.io-index"
checksum = "44cfb93f38070beee36b3fef7d4f5a16f27751d94b187b666a5cc5e9b0d30687"
dependencies = [
 "proc-macro2",
 "quote",
 "unicode-ident",
]

[[package]]
name = "unicode-ident"
version = "1.0.12"
source = "registry+https://github.com/rust-lang/crates.io-index"
checksum = "3354b9ac3fae1ff6755cb6db53683adb661634f67557942dea4facebec0fee4b"

[[package]]
name = "value-bag"
version = "1.8.1"
source = "registry+https://github.com/rust-lang/crates.io-index"
checksum = "74797339c3b98616c009c7c3eb53a0ce41e85c8ec66bd3db96ed132d20cfdee8"
dependencies = [
 "value-bag-serde1",
 "value-bag-sval2",
]

[[package]]
name = "value-bag-serde1"
version = "1.8.1"
source = "registry+https://github.com/rust-lang/crates.io-index"
checksum = "cc35703541cbccb5278ef7b589d79439fc808ff0b5867195a3230f9a47421d39"
dependencies = [
 "erased-serde",
 "serde",
 "serde_fmt",
]

[[package]]
name = "value-bag-sval2"
version = "1.8.1"
source = "registry+https://github.com/rust-lang/crates.io-index"
checksum = "285b43c29d0b4c0e65aad24561baee67a1b69dc9be9375d4a85138cbf556f7f8"
dependencies = [
 "sval",
 "sval_buffer",
 "sval_dynamic",
 "sval_fmt",
 "sval_json",
 "sval_ref",
 "sval_serde",
]

[[package]]
name = "windows-sys"
version = "0.52.0"
source = "registry+https://github.com/rust-lang/crates.io-index"
checksum = "282be5f36a8ce781fad8c8ae18fa3f9beff57ec1b52cb3de0789201425d9a33d"
dependencies = [
 "windows-targets",
]

[[package]]
name = "windows-targets"
version = "0.52.4"
source = "registry+https://github.com/rust-lang/crates.io-index"
checksum = "7dd37b7e5ab9018759f893a1952c9420d060016fc19a472b4bb20d1bdd694d1b"
dependencies = [
 "windows_aarch64_gnullvm",
 "windows_aarch64_msvc",
 "windows_i686_gnu",
 "windows_i686_msvc",
 "windows_x86_64_gnu",
 "windows_x86_64_gnullvm",
 "windows_x86_64_msvc",
]

[[package]]
name = "windows_aarch64_gnullvm"
version = "0.52.4"
source = "registry+https://github.com/rust-lang/crates.io-index"
checksum = "bcf46cf4c365c6f2d1cc93ce535f2c8b244591df96ceee75d8e83deb70a9cac9"

[[package]]
name = "windows_aarch64_msvc"
version = "0.52.4"
source = "registry+https://github.com/rust-lang/crates.io-index"
checksum = "da9f259dd3bcf6990b55bffd094c4f7235817ba4ceebde8e6d11cd0c5633b675"

[[package]]
name = "windows_i686_gnu"
version = "0.52.4"
source = "registry+https://github.com/rust-lang/crates.io-index"
checksum = "b474d8268f99e0995f25b9f095bc7434632601028cf86590aea5c8a5cb7801d3"

[[package]]
name = "windows_i686_msvc"
version = "0.52.4"
source = "registry+https://github.com/rust-lang/crates.io-index"
checksum = "1515e9a29e5bed743cb4415a9ecf5dfca648ce85ee42e15873c3cd8610ff8e02"

[[package]]
name = "windows_x86_64_gnu"
version = "0.52.4"
source = "registry+https://github.com/rust-lang/crates.io-index"
checksum = "5eee091590e89cc02ad514ffe3ead9eb6b660aedca2183455434b93546371a03"

[[package]]
name = "windows_x86_64_gnullvm"
version = "0.52.4"
source = "registry+https://github.com/rust-lang/crates.io-index"
checksum = "77ca79f2451b49fa9e2af39f0747fe999fcda4f5e241b2898624dca97a1f2177"

[[package]]
name = "windows_x86_64_msvc"
version = "0.52.4"
source = "registry+https://github.com/rust-lang/crates.io-index"
checksum = "32b752e52a2da0ddfbdbcc6fceadfeede4c939ed16d13e648833a61dfb611ed8"
