# This file is automatically @generated by Cargo.
# It is not intended for manual editing.
version = 4

[[package]]
name = "a10"
version = "0.4.2"
source = "registry+https://github.com/rust-lang/crates.io-index"
checksum = "3fa48dbd088a19ac42b875b07f53f9ea069ae562291f1bfb26f0e280c620fa9e"
dependencies = [
 "libc",
 "log",
]

[[package]]
name = "erased-serde"
version = "0.4.10"
source = "registry+https://github.com/rust-lang/crates.io-index"
checksum = "d2add8a07dd6a8d93ff627029c51de145e12686fbc36ecb298ac22e74cf02dec"
dependencies = [
 "serde",
 "serde_core",
 "typeid",
]

[[package]]
name = "heph"
version = "0.5.0"
source = "git+https://github.com/Thomasdezeeuw/heph?branch=main#c82f4e217b8cc9973e7e5bd319d4c0e9b6c51e4e"
dependencies = [
 "heph-inbox",
 "log",
]

[[package]]
name = "heph-http"
version = "0.1.0"
source = "git+https://github.com/Thomasdezeeuw/heph?branch=main#c82f4e217b8cc9973e7e5bd319d4c0e9b6c51e4e"
dependencies = [
 "heph",
 "heph-rt",
 "httparse",
 "httpdate",
 "itoa",
 "libc",
 "log",
]

[[package]]
name = "heph-inbox"
version = "0.2.3"
source = "git+https://github.com/Thomasdezeeuw/heph?branch=main#c82f4e217b8cc9973e7e5bd319d4c0e9b6c51e4e"

[[package]]
name = "heph-rt"
version = "0.5.0"
source = "git+https://github.com/Thomasdezeeuw/heph?branch=main#c82f4e217b8cc9973e7e5bd319d4c0e9b6c51e4e"
dependencies = [
 "a10",
 "heph",
 "heph-inbox",
 "libc",
 "log",
]

[[package]]
name = "httparse"
version = "1.10.1"
source = "registry+https://github.com/rust-lang/crates.io-index"
checksum = "6dbf3de79e51f3d586ab4cb9d5c3e2c14aa28ed23d180cf89b4df0454a69cc87"

[[package]]
name = "httpdate"
version = "1.0.3"
source = "registry+https://github.com/rust-lang/crates.io-index"
checksum = "df3b46402a9d5adb4c86a0cf463f42e19994e3ee891101b1841f30a545cb49a9"

[[package]]
name = "itoa"
version = "1.0.18"
source = "registry+https://github.com/rust-lang/crates.io-index"
checksum = "8f42a60cbdf9a97f5d2305f08a87dc4e09308d1276d28c869c684d7777685682"

[[package]]
name = "libc"
version = "0.2.186"
source = "registry+https://github.com/rust-lang/crates.io-index"
checksum = "68ab91017fe16c622486840e4c83c9a37afeff978bd239b5293d61ece587de66"

[[package]]
name = "log"
version = "0.4.33"
source = "registry+https://github.com/rust-lang/crates.io-index"
checksum = "0ceec5bc11778974d1bcb055b18002eba7f4b3518b6a0081b3af5f21666da9ad"
dependencies = [
 "value-bag",
]

[[package]]
name = "origin-heph"
version = "0.1.0"
dependencies = [
 "heph",
 "heph-http",
 "heph-rt",
 "log",
 "std-logger",
]

[[package]]
name = "proc-macro2"
version = "1.0.106"
source = "registry+https://github.com/rust-lang/crates.io-index"
checksum = "8fd00f0bb2e90d81d1044c2b32617f68fcb9fa3bb7640c23e9c748e53fb30934"
dependencies = [
 "unicode-ident",
]

[[package]]
name = "quote"
version = "1.0.46"
source = "registry+https://github.com/rust-lang/crates.io-index"
checksum = "dfbc457d0c7a0759a614551b11a6409e5951f6c7537be1f1b7682b9ae9230368"
dependencies = [
 "proc-macro2",
]

[[package]]
name = "ryu"
version = "1.0.23"
source = "registry+https://github.com/rust-lang/crates.io-index"
checksum = "9774ba4a74de5f7b1c1451ed6cd5285a32eddb5cccb8cc655a4e50009e06477f"

[[package]]
name = "serde"
version = "1.0.228"
source = "registry+https://github.com/rust-lang/crates.io-index"
checksum = "9a8e94ea7f378bd32cbbd37198a4a91436180c5bb472411e48b5ec2e2124ae9e"
dependencies = [
 "serde_core",
]

[[package]]
name = "serde_core"
version = "1.0.228"
source = "registry+https://github.com/rust-lang/crates.io-index"
checksum = "41d385c7d4ca58e59fc732af25c3983b67ac852c1a25000afe1175de458b67ad"
dependencies = [
 "serde_derive",
]

[[package]]
name = "serde_derive"
version = "1.0.228"
source = "registry+https://github.com/rust-lang/crates.io-index"
checksum = "d540f220d3187173da220f885ab66608367b6574e925011a9353e4badda91d79"
dependencies = [
 "proc-macro2",
 "quote",
 "syn",
]

[[package]]
name = "serde_fmt"
version = "1.1.0"
source = "registry+https://github.com/rust-lang/crates.io-index"
checksum = "6e497af288b3b95d067a23a4f749f2861121ffcb2f6d8379310dcda040c345ed"
dependencies = [
 "serde_core",
]

[[package]]
name = "std-logger"
version = "0.5.9"
source = "registry+https://github.com/rust-lang/crates.io-index"
checksum = "1d15412523f31a48c09ba2f0f0affa5532db6c556319a2838dae63219c72b4cb"
dependencies = [
 "itoa",
 "log",
 "zmij",
]

[[package]]
name = "sval"
version = "2.20.0"
source = "registry+https://github.com/rust-lang/crates.io-index"
checksum = "5fb9efbae90f97301f4d25f3be63dfd99d6b7af9d088228a52ec960d649b2e7d"

[[package]]
name = "sval_buffer"
version = "2.20.0"
source = "registry+https://github.com/rust-lang/crates.io-index"
checksum = "ff5c0280ea0af40b3a1fd0b532680b5067482ffb81412ee66ec04b1d9952b49a"
dependencies = [
 "sval",
 "sval_ref",
]

[[package]]
name = "sval_dynamic"
version = "2.20.0"
source = "registry+https://github.com/rust-lang/crates.io-index"
checksum = "59b9067f2e68f58e110cf8019a268057e3791cf74b0fdb1b3c7c6e49104f44e6"
dependencies = [
 "sval",
]

[[package]]
name = "sval_fmt"
version = "2.20.0"
source = "registry+https://github.com/rust-lang/crates.io-index"
checksum = "96ebdbf0e4b175884aa587fcf551c16dabe245ea04235abdd8cbbd160b27ed5a"
dependencies = [
 "itoa",
 "ryu",
 "sval",
]

[[package]]
name = "sval_json"
version = "2.20.0"
source = "registry+https://github.com/rust-lang/crates.io-index"
checksum = "1e448d9fa216a6c16670b28d624fbbcf5c04e41eb187bd7c52e01222ffa72a12"
dependencies = [
 "itoa",
 "ryu",
 "sval",
]

[[package]]
name = "sval_nested"
version = "2.20.0"
source = "registry+https://github.com/rust-lang/crates.io-index"
checksum = "021de5b5c26efd544c694cef9b8a9abe8633481bf3be1ea145a18a740818b291"
dependencies = [
 "sval",
 "sval_buffer",
 "sval_ref",
]

[[package]]
name = "sval_ref"
version = "2.20.0"
source = "registry+https://github.com/rust-lang/crates.io-index"
checksum = "54ef5ffec8bc52ded04ee424ab8d959e25e64fd40a48a16d21f8991ce824c1bb"
dependencies = [
 "sval",
]

[[package]]
name = "sval_serde"
version = "2.20.0"
source = "registry+https://github.com/rust-lang/crates.io-index"
checksum = "b983833a8a2390f89ebcf9b9acd06883017014b4ffd72ee28e0c9de6852039f5"
dependencies = [
 "serde_core",
 "sval",
 "sval_nested",
]

[[package]]
name = "syn"
version = "2.0.118"
source = "registry+https://github.com/rust-lang/crates.io-index"
checksum = "1b9ae57f904213ebb649ce6895b8a66c66f0203b9319718f69a5612a065b1422"
dependencies = [
 "proc-macro2",
 "quote",
 "unicode-ident",
]

[[package]]
name = "typeid"
version = "1.0.3"
source = "registry+https://github.com/rust-lang/crates.io-index"
checksum = "bc7d623258602320d5c55d1bc22793b57daff0ec7efc270ea7d55ce1d5f5471c"

[[package]]
name = "unicode-ident"
version = "1.0.24"
source = "registry+https://github.com/rust-lang/crates.io-index"
checksum = "e6e4313cd5fcd3dad5cafa179702e2b244f760991f45397d14d4ebf38247da75"

[[package]]
name = "value-bag"
version = "1.12.0"
source = "registry+https://github.com/rust-lang/crates.io-index"
checksum = "7ba6f5989077681266825251a52748b8c1d8a4ad098cc37e440103d0ea717fc0"
dependencies = [
 "value-bag-serde1",
 "value-bag-sval2",
]

[[package]]
name = "value-bag-serde1"
version = "1.12.0"
source = "registry+https://github.com/rust-lang/crates.io-index"
checksum = "16530907bfe2999a1773ca5900a65101e092c70f642f25cc23ca0c43573262c5"
dependencies = [
 "erased-serde",
 "serde_core",
 "serde_fmt",
]

[[package]]
name = "value-bag-sval2"
version = "1.12.0"
source = "registry+https://github.com/rust-lang/crates.io-index"
checksum = "d00ae130edd690eaa877e4f40605d534790d1cf1d651e7685bd6a144521b251f"
dependencies = [
 "sval",
 "sval_buffer",
 "sval_dynamic",
 "sval_fmt",
 "sval_json",
 "sval_ref",
 "sval_serde",
]

[[package]]
name = "zmij"
version = "1.0.21"
source = "registry+https://github.com/rust-lang/crates.io-index"
checksum = "b8848ee67ecc8aedbaf3e4122217aff892639231befc6a1b58d29fff4c2cabaa"
